
Microsoft Visual Studio Solution File, Format Version 12.00
# Visual Studio Version 17
VisualStudioVersion = 17.14.36518.9
MinimumVisualStudioVersion = 10.0.40219.1
Project("{FAE04EC0-301F-11D3-BF4B-00C04F79EFBC}") = "Katarzhin_ISP_232_Lab_8", "Katarzhin_ISP_232_Lab_8.csproj", "{20C39982-998B-4BCE-92AE-F5365ED6AAB8}"
EndProject
Project("{FAE04EC0-301F-11D3-BF4B-00C04F79EFBC}") = "MyClass", "..\MyClass\MyClass.csproj", "{20C293D5-3522-40AF-9C87-7D911401051D}"
EndProject
Project("{FAE04EC0-301F-11D3-BF4B-00C04F79EFBC}") = "MathLibrary", "..\MathLibrary\MathLibrary.csproj", "{3426151D-51E2-4E6C-93D3-561DD718FD88}"
EndProject
Global
	GlobalSection(SolutionConfigurationPlatforms) = preSolution
		Debug|Any CPU = Debug|Any CPU
		Release|Any CPU = Release|Any CPU
	EndGlobalSection
	GlobalSection(ProjectConfigurationPlatforms) = postSolution
		{20C39982-998B-4BCE-92AE-F5365ED6AAB8}.Debug|Any CPU.ActiveCfg = Debug|Any CPU
		{20C39982-998B-4BCE-92AE-F5365ED6AAB8}.Debug|Any CPU.Build.0 = Debug|Any CPU
		{20C39982-998B-4BCE-92AE-F5365ED6AAB8}.Release|Any CPU.ActiveCfg = Release|Any CPU
		{20C39982-998B-4BCE-92AE-F5365ED6AAB8}.Release|Any CPU.Build.0 = Release|Any CPU
		{20C293D5-3522-40AF-9C87-7D911401051D}.Debug|Any CPU.ActiveCfg = Debug|Any CPU
		{20C293D5-3522-40AF-9C87-7D911401051D}.Debug|Any CPU.Build.0 = Debug|Any CPU
		{20C293D5-3522-40AF-9C87-7D911401051D}.Release|Any CPU.ActiveCfg = Release|Any CPU
		{20C293D5-3522-40AF-9C87-7D911401051D}.Release|Any CPU.Build.0 = Release|Any CPU
		{3426151D-51E2-4E6C-93D3-561DD718FD88}.Debug|Any CPU.ActiveCfg = Debug|Any CPU
		{3426151D-51E2-4E6C-93D3-561DD718FD88}.Debug|Any CPU.Build.0 = Debug|Any CPU
		{3426151D-51E2-4E6C-93D3-561DD718FD88}.Release|Any CPU.ActiveCfg = Release|Any CPU
		{3426151D-51E2-4E6C-93D3-561DD718FD88}.Release|Any CPU.Build.0 = Release|Any CPU
	EndGlobalSection
	GlobalSection(SolutionProperties) = preSolution
		HideSolutionNode = FALSE
	EndGlobalSection
	GlobalSection(ExtensibilityGlobals) = postSolution
		SolutionGuid = {BA086269-3604-4DFC-8F3D-E66265229C3E}
	EndGlobalSection
EndGlobal
